// !$*UTF8*$!
{
	archiveVersion = 1;
	classes = {
	};
	objectVersion = 50;
	objects = {

/* Begin PBXBuildFile section */
		5C674C5B21E72A5A00206E20 /* AppDelegate.swift in Sources */ = {isa = PBXBuildFile; fileRef = 5C674C5A21E72A5A00206E20 /* AppDelegate.swift */; };
		5C674C5D21E72A5A00206E20 /* ViewController.swift in Sources */ = {isa = PBXBuildFile; fileRef = 5C674C5C21E72A5A00206E20 /* ViewController.swift */; };
		5C674C5F21E72A5C00206E20 /* Assets.xcassets in Resources */ = {isa = PBXBuildFile; fileRef = 5C674C5E21E72A5C00206E20 /* Assets.xcassets */; };
		5C674C6221E72A5C00206E20 /* Main.storyboard in Resources */ = {isa = PBXBuildFile; fileRef = 5C674C6021E72A5C00206E20 /* Main.storyboard */; };
		5C674C6B21E72AA400206E20 /* TextualAndVisualDatePickerElement.swift in Sources */ = {isa = PBXBuildFile; fileRef = 5C674C6A21E72AA400206E20 /* TextualAndVisualDatePickerElement.swift */; };
		6DB4963A4C735514CC9016DF /* Pods_DatePickerTest.framework in Frameworks */ = {isa = PBXBuildFile; fileRef = 67B82DF57489E9B39052DB83 /* Pods_DatePickerTest.framework */; };
/* End PBXBuildFile section */

/* Begin PBXFileReference section */
		5C674C5721E72A5A00206E20 /* DatePickerTest.app */ = {isa = PBXFileReference; explicitFileType = wrapper.application; includeInIndex = 0; path = DatePickerTest.app; sourceTree = BUILT_PRODUCTS_DIR; };
		5C674C5A21E72A5A00206E20 /* AppDelegate.swift */ = {isa = PBXFileReference; lastKnownFileType = sourcecode.swift; path = AppDelegate.swift; sourceTree = "<group>"; };
		5C674C5C21E72A5A00206E20 /* ViewController.swift */ = {isa = PBXFileReference; lastKnownFileType = sourcecode.swift; path = ViewController.swift; sourceTree = "<group>"; };
		5C674C5E21E72A5C00206E20 /* Assets.xcassets */ = {isa = PBXFileReference; lastKnownFileType = folder.assetcatalog; path = Assets.xcassets; sourceTree = "<group>"; };
		5C674C6121E72A5C00206E20 /* Base */ = {isa = PBXFileReference; lastKnownFileType = file.storyboard; name = Base; path = Base.lproj/Main.storyboard; sourceTree = "<group>"; };
		5C674C6321E72A5C00206E20 /* Info.plist */ = {isa = PBXFileReference; lastKnownFileType = text.plist.xml; path = Info.plist; sourceTree = "<group>"; };
		5C674C6421E72A5C00206E20 /* DatePickerTest.entitlements */ = {isa = PBXFileReference; lastKnownFileType = text.plist.entitlements; path = DatePickerTest.entitlements; sourceTree = "<group>"; };
		5C674C6A21E72AA400206E20 /* TextualAndVisualDatePickerElement.swift */ = {isa = PBXFileReference; lastKnownFileType = sourcecode.swift; path = TextualAndVisualDatePickerElement.swift; sourceTree = "<group>"; };
		67B82DF57489E9B39052DB83 /* Pods_DatePickerTest.framework */ = {isa = PBXFileReference; explicitFileType = wrapper.framework; includeInIndex = 0; path = Pods_DatePickerTest.framework; sourceTree = BUILT_PRODUCTS_DIR; };
		6FE2707DF8BB2CC64BC32D3D /* Pods-DatePickerTest.debug.xcconfig */ = {isa = PBXFileReference; includeInIndex = 1; lastKnownFileType = text.xcconfig; name = "Pods-DatePickerTest.debug.xcconfig"; path = "Pods/Target Support Files/Pods-DatePickerTest/Pods-DatePickerTest.debug.xcconfig"; sourceTree = "<group>"; };
		B4AD5AA68AFCBFD07243F05F /* Pods-DatePickerTest.release.xcconfig */ = {isa = PBXFileReference; includeInIndex = 1; lastKnownFileType = text.xcconfig; name = "Pods-DatePickerTest.release.xcconfig"; path = "Pods/Target Support Files/Pods-DatePickerTest/Pods-DatePickerTest.release.xcconfig"; sourceTree = "<group>"; };
/* End PBXFileReference section */

/* Begin PBXFrameworksBuildPhase section */
		5C674C5421E72A5A00206E20 /* Frameworks */ = {
			isa = PBXFrameworksBuildPhase;
			buildActionMask = 2147483647;
			files = (
				6DB4963A4C735514CC9016DF /* Pods_DatePickerTest.framework in Frameworks */,
			);
			runOnlyForDeploymentPostprocessing = 0;
		};
/* End PBXFrameworksBuildPhase section */

/* Begin PBXGroup section */
		3F34922869700FD679D035FB /* Frameworks */ = {
			isa = PBXGroup;
			children = (
				67B82DF57489E9B39052DB83 /* Pods_DatePickerTest.framework */,
			);
			name = Frameworks;
			sourceTree = "<group>";
		};
		5C674C4E21E72A5A00206E20 = {
			isa = PBXGroup;
			children = (
				5C674C5921E72A5A00206E20 /* DatePickerTest */,
				5C674C5821E72A5A00206E20 /* Products */,
				C38F2703223C66FFD29F21AF /* Pods */,
				3F34922869700FD679D035FB /* Frameworks */,
			);
			sourceTree = "<group>";
		};
		5C674C5821E72A5A00206E20 /* Products */ = {
			isa = PBXGroup;
			children = (
				5C674C5721E72A5A00206E20 /* DatePickerTest.app */,
			);
			name = Products;
			sourceTree = "<group>";
		};
		5C674C5921E72A5A00206E20 /* DatePickerTest */ = {
			isa = PBXGroup;
			children = (
				5C674C5A21E72A5A00206E20 /* AppDelegate.swift */,
				5C674C5C21E72A5A00206E20 /* ViewController.swift */,
				5C674C5E21E72A5C00206E20 /* Assets.xcassets */,
				5C674C6021E72A5C00206E20 /* Main.storyboard */,
				5C674C6321E72A5C00206E20 /* Info.plist */,
				5C674C6421E72A5C00206E20 /* DatePickerTest.entitlements */,
				5C674C6A21E72AA400206E20 /* TextualAndVisualDatePickerElement.swift */,
			);
			path = DatePickerTest;
			sourceTree = "<group>";
		};
		C38F2703223C66FFD29F21AF /* Pods */ = {
			isa = PBXGroup;
			children = (
				6FE2707DF8BB2CC64BC32D3D /* Pods-DatePickerTest.debug.xcconfig */,
				B4AD5AA68AFCBFD07243F05F /* Pods-DatePickerTest.release.xcconfig */,
			);
			name = Pods;
			sourceTree = "<group>";
		};
/* End PBXGroup section */

/* Begin PBXNativeTarget section */
		5C674C5621E72A5A00206E20 /* DatePickerTest */ = {
			isa = PBXNativeTarget;
			buildConfigurationList = 5C674C6721E72A5C00206E20 /* Build configuration list for PBXNativeTarget "DatePickerTest" */;
			buildPhases = (
				16E190CAD3BA4C9778BC9B7F /* [CP] Check Pods Manifest.lock */,
				5C674C5321E72A5A00206E20 /* Sources */,
				5C674C5421E72A5A00206E20 /* Frameworks */,
				5C674C5521E72A5A00206E20 /* Resources */,
				5449DD87823FF39D71556E1C /* [CP] Embed Pods Frameworks */,
			);
			buildRules = (
			);
			dependencies = (
			);
			name = DatePickerTest;
			productName = DatePickerTest;
			productReference = 5C674C5721E72A5A00206E20 /* DatePickerTest.app */;
			productType = "com.apple.product-type.application";
		};
/* End PBXNativeTarget section */

/* Begin PBXProject section */
		5C674C4F21E72A5A00206E20 /* Project object */ = {
			isa = PBXProject;
			attributes = {
				LastSwiftUpdateCheck = 1010;
				LastUpgradeCheck = 1010;
				ORGANIZATIONNAME = Test;
				TargetAttributes = {
					5C674C5621E72A5A00206E20 = {
						CreatedOnToolsVersion = 10.1;
					};
				};
			};
			buildConfigurationList = 5C674C5221E72A5A00206E20 /* Build configuration list for PBXProject "DatePickerTest" */;
			compatibilityVersion = "Xcode 9.3";
			developmentRegion = en;
			hasScannedForEncodings = 0;
			knownRegions = (
				en,
				Base,
			);
			mainGroup = 5C674C4E21E72A5A00206E20;
			productRefGroup = 5C674C5821E72A5A00206E20 /* Products */;
			projectDirPath = "";
			projectRoot = "";
			targets = (
				5C674C5621E72A5A00206E20 /* DatePickerTest */,
			);
		};
/* End PBXProject section */

/* Begin PBXResourcesBuildPhase section */
		5C674C5521E72A5A00206E20 /* Resources */ = {
			isa = PBXResourcesBuildPhase;
			buildActionMask = 2147483647;
			files = (
				5C674C5F21E72A5C00206E20 /* Assets.xcassets in Resources */,
				5C674C6221E72A5C00206E20 /* Main.storyboard in Resources */,
			);
			runOnlyForDeploymentPostprocessing = 0;
		};
/* End PBXResourcesBuildPhase section */

/* Begin PBXShellScriptBuildPhase section */
		16E190CAD3BA4C9778BC9B7F /* [CP] Check Pods Manifest.lock */ = {
			isa = PBXShellScriptBuildPhase;
			buildActionMask = 2147483647;
			files = (
			);
			inputPaths = (
				"${PODS_PODFILE_DIR_PATH}/Podfile.lock",
				"${PODS_ROOT}/Manifest.lock",
			);
			name = "[CP] Check Pods Manifest.lock";
			outputPaths = (
				"$(DERIVED_FILE_DIR)/Pods-DatePickerTest-checkManifestLockResult.txt",
			);
			runOnlyForDeploymentPostprocessing = 0;
			shellPath = /bin/sh;
			shellScript = "diff \"${PODS_PODFILE_DIR_PATH}/Podfile.lock\" \"${PODS_ROOT}/Manifest.lock\" > /dev/null\nif [ $? != 0 ] ; then\n    # print error to STDERR\n    echo \"error: The sandbox is not in sync with the Podfile.lock. Run 'pod install' or update your CocoaPods installation.\" >&2\n    exit 1\nfi\n# This output is used by Xcode 'outputs' to avoid re-running this script phase.\necho \"SUCCESS\" > \"${SCRIPT_OUTPUT_FILE_0}\"\n";
			showEnvVarsInLog = 0;
		};
		5449DD87823FF39D71556E1C /* [CP] Embed Pods Frameworks */ = {
			isa = PBXShellScriptBuildPhase;
			buildActionMask = 2147483647;
			files = (
			);
			inputPaths = (
				"${SRCROOT}/Pods/Target Support Files/Pods-DatePickerTest/Pods-DatePickerTest-frameworks.sh",
				"${BUILT_PRODUCTS_DIR}/Bond/Bond.framework",
				"${BUILT_PRODUCTS_DIR}/Differ/Differ.framework",
				"${BUILT_PRODUCTS_DIR}/ReactiveKit/ReactiveKit.framework",
			);
			name = "[CP] Embed Pods Frameworks";
			outputPaths = (
				"${TARGET_BUILD_DIR}/${FRAMEWORKS_FOLDER_PATH}/Bond.framework",
				"${TARGET_BUILD_DIR}/${FRAMEWORKS_FOLDER_PATH}/Differ.framework",
				"${TARGET_BUILD_DIR}/${FRAMEWORKS_FOLDER_PATH}/ReactiveKit.framework",
			);
			runOnlyForDeploymentPostprocessing = 0;
			shellPath = /bin/sh;
			shellScript = "\"${SRCROOT}/Pods/Target Support Files/Pods-DatePickerTest/Pods-DatePickerTest-frameworks.sh\"\n";
			showEnvVarsInLog = 0;
		};
/* End PBXShellScriptBuildPhase section */

/* Begin PBXSourcesBuildPhase section */
		5C674C5321E72A5A00206E20 /* Sources */ = {
			isa = PBXSourcesBuildPhase;
			buildActionMask = 2147483647;
			files = (
				5C674C5D21E72A5A00206E20 /* ViewController.swift in Sources */,
				5C674C5B21E72A5A00206E20 /* AppDelegate.swift in Sources */,
				5C674C6B21E72AA400206E20 /* TextualAndVisualDatePickerElement.swift in Sources */,
			);
			runOnlyForDeploymentPostprocessing = 0;
		};
/* End PBXSourcesBuildPhase section */

/* Begin PBXVariantGroup section */
		5C674C6021E72A5C00206E20 /* Main.storyboard */ = {
			isa = PBXVariantGroup;
			children = (
				5C674C6121E72A5C00206E20 /* Base */,
			);
			name = Main.storyboard;
			sourceTree = "<group>";
		};
/* End PBXVariantGroup section */

/* Begin XCBuildConfiguration section */
		5C674C6521E72A5C00206E20 /* Debug */ = {
			isa = XCBuildConfiguration;
			buildSettings = {
				ALWAYS_SEARCH_USER_PATHS = NO;
				CLANG_ANALYZER_NONNULL = YES;
				CLANG_ANALYZER_NUMBER_OBJECT_CONVERSION = YES_AGGRESSIVE;
				CLANG_CXX_LANGUAGE_STANDARD = "gnu++14";
				CLANG_CXX_LIBRARY = "libc++";
				CLANG_ENABLE_MODULES = YES;
				CLANG_ENABLE_OBJC_ARC = YES;
				CLANG_ENABLE_OBJC_WEAK = YES;
				CLANG_WARN_BLOCK_CAPTURE_AUTORELEASING = YES;
				CLANG_WARN_BOOL_CONVERSION = YES;
				CLANG_WARN_COMMA = YES;
				CLANG_WARN_CONSTANT_CONVERSION = YES;
				CLANG_WARN_DEPRECATED_OBJC_IMPLEMENTATIONS = YES;
				CLANG_WARN_DIRECT_OBJC_ISA_USAGE = YES_ERROR;
				CLANG_WARN_DOCUMENTATION_COMMENTS = YES;
				CLANG_WARN_EMPTY_BODY = YES;
				CLANG_WARN_ENUM_CONVERSION = YES;
				CLANG_WARN_INFINITE_RECURSION = YES;
				CLANG_WARN_INT_CONVERSION = YES;
				CLANG_WARN_NON_LITERAL_NULL_CONVERSION = YES;
				CLANG_WARN_OBJC_IMPLICIT_RETAIN_SELF = YES;
				CLANG_WARN_OBJC_LITERAL_CONVERSION = YES;
				CLANG_WARN_OBJC_ROOT_CLASS = YES_ERROR;
				CLANG_WARN_RANGE_LOOP_ANALYSIS = YES;
				CLANG_WARN_STRICT_PROTOTYPES = YES;
				CLANG_WARN_SUSPICIOUS_MOVE = YES;
				CLANG_WARN_UNGUARDED_AVAILABILITY = YES_AGGRESSIVE;
				CLANG_WARN_UNREACHABLE_CODE = YES;
				CLANG_WARN__DUPLICATE_METHOD_MATCH = YES;
				CODE_SIGN_IDENTITY = "-";
				COPY_PHASE_STRIP = NO;
				DEBUG_INFORMATION_FORMAT = dwarf;
				ENABLE_STRICT_OBJC_MSGSEND = YES;
				ENABLE_TESTABILITY = YES;
				GCC_C_LANGUAGE_STANDARD = gnu11;
				GCC_DYNAMIC_NO_PIC = NO;
				GCC_NO_COMMON_BLOCKS = YES;
				GCC_OPTIMIZATION_LEVEL = 0;
				GCC_PREPROCESSOR_DEFINITIONS = (
					"DEBUG=1",
					"$(inherited)",
				);
				GCC_WARN_64_TO_32_BIT_CONVERSION = YES;
				GCC_WARN_ABOUT_RETURN_TYPE = YES_ERROR;
				GCC_WARN_UNDECLARED_SELECTOR = YES;
				GCC_WARN_UNINITIALIZED_AUTOS = YES_AGGRESSIVE;
				GCC_WARN_UNUSED_FUNCTION = YES;
				GCC_WARN_UNUSED_VARIABLE = YES;
				MACOSX_DEPLOYMENT_TARGET = 10.14;
				MTL_ENABLE_DEBUG_INFO = INCLUDE_SOURCE;
				MTL_FAST_MATH = YES;
				ONLY_ACTIVE_ARCH = YES;
				SDKROOT = macosx;
				SWIFT_ACTIVE_COMPILATION_CONDITIONS = DEBUG;
				SWIFT_OPTIMIZATION_LEVEL = "-Onone";
			};
			name = Debug;
		};
		5C674C6621E72A5C00206E20 /* Release */ = {
			isa = XCBuildConfiguration;
			buildSettings = {
				ALWAYS_SEARCH_USER_PATHS = NO;
				CLANG_ANALYZER_NONNULL = YES;
				CLANG_ANALYZER_NUMBER_OBJECT_CONVERSION = YES_AGGRESSIVE;
				CLANG_CXX_LANGUAGE_STANDARD = "gnu++14";
				CLANG_CXX_LIBRARY = "libc++";
				CLANG_ENABLE_MODULES = YES;
				CLANG_ENABLE_OBJC_ARC = YES;
				CLANG_ENABLE_OBJC_WEAK = YES;
				CLANG_WARN_BLOCK_CAPTURE_AUTORELEASING = YES;
				CLANG_WARN_BOOL_CONVERSION = YES;
				CLANG_WARN_COMMA = YES;
				CLANG_WARN_CONSTANT_CONVERSION = YES;
				CLANG_WARN_DEPRECATED_OBJC_IMPLEMENTATIONS = YES;
				CLANG_WARN_DIRECT_OBJC_ISA_USAGE = YES_ERROR;
				CLANG_WARN_DOCUMENTATION_COMMENTS = YES;
				CLANG_WARN_EMPTY_BODY = YES;
				CLANG_WARN_ENUM_CONVERSION = YES;
				CLANG_WARN_INFINITE_RECURSION = YES;
				CLANG_WARN_INT_CONVERSION = YES;
				CLANG_WARN_NON_LITERAL_NULL_CONVERSION = YES;
				CLANG_WARN_OBJC_IMPLICIT_RETAIN_SELF = YES;
				CLANG_WARN_OBJC_LITERAL_CONVERSION = YES;
				CLANG_WARN_OBJC_ROOT_CLASS = YES_ERROR;
				CLANG_WARN_RANGE_LOOP_ANALYSIS = YES;
				CLANG_WARN_STRICT_PROTOTYPES = YES;
				CLANG_WARN_SUSPICIOUS_MOVE = YES;
				CLANG_WARN_UNGUARDED_AVAILABILITY = YES_AGGRESSIVE;
				CLANG_WARN_UNREACHABLE_CODE = YES;
				CLANG_WARN__DUPLICATE_METHOD_MATCH = YES;
				CODE_SIGN_IDENTITY = "-";
				COPY_PHASE_STRIP = NO;
				DEBUG_INFORMATION_FORMAT = "dwarf-with-dsym";
				ENABLE_NS_ASSERTIONS = NO;
				ENABLE_STRICT_OBJC_MSGSEND = YES;
				GCC_C_LANGUAGE_STANDARD = gnu11;
				GCC_NO_COMMON_BLOCKS = YES;
				GCC_WARN_64_TO_32_BIT_CONVERSION = YES;
				GCC_WARN_ABOUT_RETURN_TYPE = YES_ERROR;
				GCC_WARN_UNDECLARED_SELECTOR = YES;
				GCC_WARN_UNINITIALIZED_AUTOS = YES_AGGRESSIVE;
				GCC_WARN_UNUSED_FUNCTION = YES;
				GCC_WARN_UNUSED_VARIABLE = YES;
				MACOSX_DEPLOYMENT_TARGET = 10.14;
				MTL_ENABLE_DEBUG_INFO = NO;
				MTL_FAST_MATH = YES;
				SDKROOT = macosx;
				SWIFT_COMPILATION_MODE = wholemodule;
				SWIFT_OPTIMIZATION_LEVEL = "-O";
			};
			name = Release;
		};
		5C674C6821E72A5C00206E20 /* Debug */ = {
			isa = XCBuildConfiguration;
			baseConfigurationReference = 6FE2707DF8BB2CC64BC32D3D /* Pods-DatePickerTest.debug.xcconfig */;
			buildSettings = {
				ASSETCATALOG_COMPILER_APPICON_NAME = AppIcon;
				CODE_SIGN_ENTITLEMENTS = DatePickerTest/DatePickerTest.entitlements;
				CODE_SIGN_IDENTITY = "Mac Developer";
				CODE_SIGN_STYLE = Automatic;
				COMBINE_HIDPI_IMAGES = YES;
				DEVELOPMENT_TEAM = QZ8ZP3S6FP;
				INFOPLIST_FILE = DatePickerTest/Info.plist;
				LD_RUNPATH_SEARCH_PATHS = (
					"$(inherited)",
					"@executable_path/../Frameworks",
				);
				PRODUCT_BUNDLE_IDENTIFIER = at.Test.DatePicker.DatePickerTest;
				PRODUCT_NAME = "$(TARGET_NAME)";
				PROVISIONING_PROFILE_SPECIFIER = "";
				SWIFT_VERSION = 4.2;
			};
			name = Debug;
		};
		5C674C6921E72A5C00206E20 /* Release */ = {
			isa = XCBuildConfiguration;
			baseConfigurationReference = B4AD5AA68AFCBFD07243F05F /* Pods-DatePickerTest.release.xcconfig */;
			buildSettings = {
				ASSETCATALOG_COMPILER_APPICON_NAME = AppIcon;
				CODE_SIGN_ENTITLEMENTS = DatePickerTest/DatePickerTest.entitlements;
				CODE_SIGN_IDENTITY = "Mac Developer";
				CODE_SIGN_STYLE = Automatic;
				COMBINE_HIDPI_IMAGES = YES;
				DEVELOPMENT_TEAM = QZ8ZP3S6FP;
				INFOPLIST_FILE = DatePickerTest/Info.plist;
				LD_RUNPATH_SEARCH_PATHS = (
					"$(inherited)",
					"@executable_path/../Frameworks",
				);
				PRODUCT_BUNDLE_IDENTIFIER = at.Test.DatePicker.DatePickerTest;
				PRODUCT_NAME = "$(TARGET_NAME)";
				PROVISIONING_PROFILE_SPECIFIER = "";
				SWIFT_VERSION = 4.2;
			};
			name = Release;
		};
/* End XCBuildConfiguration section */

/* Begin XCConfigurationList section */
		5C674C5221E72A5A00206E20 /* Build configuration list for PBXProject "DatePickerTest" */ = {
			isa = XCConfigurationList;
			buildConfigurations = (
				5C674C6521E72A5C00206E20 /* Debug */,
				5C674C6621E72A5C00206E20 /* Release */,
			);
			defaultConfigurationIsVisible = 0;
			defaultConfigurationName = Release;
		};
		5C674C6721E72A5C00206E20 /* Build configuration list for PBXNativeTarget "DatePickerTest" */ = {
			isa = XCConfigurationList;
			buildConfigurations = (
				5C674C6821E72A5C00206E20 /* Debug */,
				5C674C6921E72A5C00206E20 /* Release */,
			);
			defaultConfigurationIsVisible = 0;
			defaultConfigurationName = Release;
		};
/* End XCConfigurationList section */
	};
	rootObject = 5C674C4F21E72A5A00206E20 /* Project object */;
}
